// !$*UTF8*$!
{
	archiveVersion = 1;
	classes = {
	};
	objectVersion = 50;
	objects = {

/* Begin PBXBuildFile section */
		436E57FB22DF001E00B14BC0 /* AppDelegate.swift in Sources */ = {isa = PBXBuildFile; fileRef = 436E57FA22DF001E00B14BC0 /* AppDelegate.swift */; };
		436E580022DF001E00B14BC0 /* Main.storyboard in Resources */ = {isa = PBXBuildFile; fileRef = 436E57FE22DF001E00B14BC0 /* Main.storyboard */; };
		436E580222DF001F00B14BC0 /* Assets.xcassets in Resources */ = {isa = PBXBuildFile; fileRef = 436E580122DF001F00B14BC0 /* Assets.xcassets */; };
		436E580522DF001F00B14BC0 /* LaunchScreen.storyboard in Resources */ = {isa = PBXBuildFile; fileRef = 436E580322DF001F00B14BC0 /* LaunchScreen.storyboard */; };
		436E580D22DF011300B14BC0 /* DemoViewController.swift in Sources */ = {isa = PBXBuildFile; fileRef = 436E580C22DF011300B14BC0 /* DemoViewController.swift */; };
		436E580F22DF036D00B14BC0 /* Pattern1ViewController.swift in Sources */ = {isa = PBXBuildFile; fileRef = 436E580E22DF036D00B14BC0 /* Pattern1ViewController.swift */; };
		436E581122DF10F500B14BC0 /* Pattern2ViewController.swift in Sources */ = {isa = PBXBuildFile; fileRef = 436E581022DF10F500B14BC0 /* Pattern2ViewController.swift */; };
		436E581322DF17E100B14BC0 /* Pattern3ViewController.swift in Sources */ = {isa = PBXBuildFile; fileRef = 436E581222DF17E100B14BC0 /* Pattern3ViewController.swift */; };
		436E581522DF1F5E00B14BC0 /* README.md in Resources */ = {isa = PBXBuildFile; fileRef = 436E581422DF1F5E00B14BC0 /* README.md */; };
/* End PBXBuildFile section */

/* Begin PBXFileReference section */
		436E57F722DF001E00B14BC0 /* MemoryAntiPattern.app */ = {isa = PBXFileReference; explicitFileType = wrapper.application; includeInIndex = 0; path = MemoryAntiPattern.app; sourceTree = BUILT_PRODUCTS_DIR; };
		436E57FA22DF001E00B14BC0 /* AppDelegate.swift */ = {isa = PBXFileReference; lastKnownFileType = sourcecode.swift; path = AppDelegate.swift; sourceTree = "<group>"; };
		436E57FF22DF001E00B14BC0 /* Base */ = {isa = PBXFileReference; lastKnownFileType = file.storyboard; name = Base; path = Base.lproj/Main.storyboard; sourceTree = "<group>"; };
		436E580122DF001F00B14BC0 /* Assets.xcassets */ = {isa = PBXFileReference; lastKnownFileType = folder.assetcatalog; path = Assets.xcassets; sourceTree = "<group>"; };
		436E580422DF001F00B14BC0 /* Base */ = {isa = PBXFileReference; lastKnownFileType = file.storyboard; name = Base; path = Base.lproj/LaunchScreen.storyboard; sourceTree = "<group>"; };
		436E580622DF001F00B14BC0 /* Info.plist */ = {isa = PBXFileReference; lastKnownFileType = text.plist.xml; path = Info.plist; sourceTree = "<group>"; };
		436E580C22DF011300B14BC0 /* DemoViewController.swift */ = {isa = PBXFileReference; lastKnownFileType = sourcecode.swift; path = DemoViewController.swift; sourceTree = "<group>"; };
		436E580E22DF036D00B14BC0 /* Pattern1ViewController.swift */ = {isa = PBXFileReference; lastKnownFileType = sourcecode.swift; path = Pattern1ViewController.swift; sourceTree = "<group>"; };
		436E581022DF10F500B14BC0 /* Pattern2ViewController.swift */ = {isa = PBXFileReference; lastKnownFileType = sourcecode.swift; path = Pattern2ViewController.swift; sourceTree = "<group>"; };
		436E581222DF17E100B14BC0 /* Pattern3ViewController.swift */ = {isa = PBXFileReference; lastKnownFileType = sourcecode.swift; path = Pattern3ViewController.swift; sourceTree = "<group>"; };
		436E581422DF1F5E00B14BC0 /* README.md */ = {isa = PBXFileReference; fileEncoding = 4; lastKnownFileType = net.daringfireball.markdown; path = README.md; sourceTree = "<group>"; };
/* End PBXFileReference section */

/* Begin PBXFrameworksBuildPhase section */
		436E57F422DF001E00B14BC0 /* Frameworks */ = {
			isa = PBXFrameworksBuildPhase;
			buildActionMask = 2147483647;
			files = (
			);
			runOnlyForDeploymentPostprocessing = 0;
		};
/* End PBXFrameworksBuildPhase section */

/* Begin PBXGroup section */
		436E57EE22DF001E00B14BC0 = {
			isa = PBXGroup;
			children = (
				436E581422DF1F5E00B14BC0 /* README.md */,
				436E57F922DF001E00B14BC0 /* MemoryAntiPattern */,
				436E57F822DF001E00B14BC0 /* Products */,
			);
			sourceTree = "<group>";
		};
		436E57F822DF001E00B14BC0 /* Products */ = {
			isa = PBXGroup;
			children = (
				436E57F722DF001E00B14BC0 /* MemoryAntiPattern.app */,
			);
			name = Products;
			sourceTree = "<group>";
		};
		436E57F922DF001E00B14BC0 /* MemoryAntiPattern */ = {
			isa = PBXGroup;
			children = (
				436E57FA22DF001E00B14BC0 /* AppDelegate.swift */,
				436E57FE22DF001E00B14BC0 /* Main.storyboard */,
				436E580122DF001F00B14BC0 /* Assets.xcassets */,
				436E580322DF001F00B14BC0 /* LaunchScreen.storyboard */,
				436E580622DF001F00B14BC0 /* Info.plist */,
				436E580C22DF011300B14BC0 /* DemoViewController.swift */,
				436E580E22DF036D00B14BC0 /* Pattern1ViewController.swift */,
				436E581022DF10F500B14BC0 /* Pattern2ViewController.swift */,
				436E581222DF17E100B14BC0 /* Pattern3ViewController.swift */,
			);
			path = MemoryAntiPattern;
			sourceTree = "<group>";
		};
/* End PBXGroup section */

/* Begin PBXNativeTarget section */
		436E57F622DF001E00B14BC0 /* MemoryAntiPattern */ = {
			isa = PBXNativeTarget;
			buildConfigurationList = 436E580922DF001F00B14BC0 /* Build configuration list for PBXNativeTarget "MemoryAntiPattern" */;
			buildPhases = (
				436E57F322DF001E00B14BC0 /* Sources */,
				436E57F422DF001E00B14BC0 /* Frameworks */,
				436E57F522DF001E00B14BC0 /* Resources */,
			);
			buildRules = (
			);
			dependencies = (
			);
			name = MemoryAntiPattern;
			productName = MemoryAntiPattern;
			productReference = 436E57F722DF001E00B14BC0 /* MemoryAntiPattern.app */;
			productType = "com.apple.product-type.application";
		};
/* End PBXNativeTarget section */

/* Begin PBXProject section */
		436E57EF22DF001E00B14BC0 /* Project object */ = {
			isa = PBXProject;
			attributes = {
				LastSwiftUpdateCheck = 1020;
				LastUpgradeCheck = 1020;
				ORGANIZATIONNAME = chorr.net;
				TargetAttributes = {
					436E57F622DF001E00B14BC0 = {
						CreatedOnToolsVersion = 10.2.1;
					};
				};
			};
			buildConfigurationList = 436E57F222DF001E00B14BC0 /* Build configuration list for PBXProject "MemoryAntiPattern" */;
			compatibilityVersion = "Xcode 9.3";
			developmentRegion = en;
			hasScannedForEncodings = 0;
			knownRegions = (
				en,
				Base,
			);
			mainGroup = 436E57EE22DF001E00B14BC0;
			productRefGroup = 436E57F822DF001E00B14BC0 /* Products */;
			projectDirPath = "";
			projectRoot = "";
			targets = (
				436E57F622DF001E00B14BC0 /* MemoryAntiPattern */,
			);
		};
/* End PBXProject section */

/* Begin PBXResourcesBuildPhase section */
		436E57F522DF001E00B14BC0 /* Resources */ = {
			isa = PBXResourcesBuildPhase;
			buildActionMask = 2147483647;
			files = (
				436E580522DF001F00B14BC0 /* LaunchScreen.storyboard in Resources */,
				436E580222DF001F00B14BC0 /* Assets.xcassets in Resources */,
				436E581522DF1F5E00B14BC0 /* README.md in Resources */,
				436E580022DF001E00B14BC0 /* Main.storyboard in Resources */,
			);
			runOnlyForDeploymentPostprocessing = 0;
		};
/* End PBXResourcesBuildPhase section */

/* Begin PBXSourcesBuildPhase section */
		436E57F322DF001E00B14BC0 /* Sources */ = {
			isa = PBXSourcesBuildPhase;
			buildActionMask = 2147483647;
			files = (
				436E57FB22DF001E00B14BC0 /* AppDelegate.swift in Sources */,
				436E580F22DF036D00B14BC0 /* Pattern1ViewController.swift in Sources */,
				436E581122DF10F500B14BC0 /* Pattern2ViewController.swift in Sources */,
				436E581322DF17E100B14BC0 /* Pattern3ViewController.swift in Sources */,
				436E580D22DF011300B14BC0 /* DemoViewController.swift in Sources */,
			);
			runOnlyForDeploymentPostprocessing = 0;
		};
/* End PBXSourcesBuildPhase section */

/* Begin PBXVariantGroup section */
		436E57FE22DF001E00B14BC0 /* Main.storyboard */ = {
			isa = PBXVariantGroup;
			children = (
				436E57FF22DF001E00B14BC0 /* Base */,
			);
			name = Main.storyboard;
			sourceTree = "<group>";
		};
		436E580322DF001F00B14BC0 /* LaunchScreen.storyboard */ = {
			isa = PBXVariantGroup;
			children = (
				436E580422DF001F00B14BC0 /* Base */,
			);
			name = LaunchScreen.storyboard;
			sourceTree = "<group>";
		};
/* End PBXVariantGroup section */

/* Begin XCBuildConfiguration section */
		436E580722DF001F00B14BC0 /* Debug */ = {
			isa = XCBuildConfiguration;
			buildSettings = {
				ALWAYS_SEARCH_USER_PATHS = NO;
				CLANG_ANALYZER_NONNULL = YES;
				CLANG_ANALYZER_NUMBER_OBJECT_CONVERSION = YES_AGGRESSIVE;
				CLANG_CXX_LANGUAGE_STANDARD = "gnu++14";
				CLANG_CXX_LIBRARY = "libc++";
				CLANG_ENABLE_MODULES = YES;
				CLANG_ENABLE_OBJC_ARC = YES;
				CLANG_ENABLE_OBJC_WEAK = YES;
				CLANG_WARN_BLOCK_CAPTURE_AUTORELEASING = YES;
				CLANG_WARN_BOOL_CONVERSION = YES;
				CLANG_WARN_COMMA = YES;
				CLANG_WARN_CONSTANT_CONVERSION = YES;
				CLANG_WARN_DEPRECATED_OBJC_IMPLEMENTATIONS = YES;
				CLANG_WARN_DIRECT_OBJC_ISA_USAGE = YES_ERROR;
				CLANG_WARN_DOCUMENTATION_COMMENTS = YES;
				CLANG_WARN_EMPTY_BODY = YES;
				CLANG_WARN_ENUM_CONVERSION = YES;
				CLANG_WARN_INFINITE_RECURSION = YES;
				CLANG_WARN_INT_CONVERSION = YES;
				CLANG_WARN_NON_LITERAL_NULL_CONVERSION = YES;
				CLANG_WARN_OBJC_IMPLICIT_RETAIN_SELF = YES;
				CLANG_WARN_OBJC_LITERAL_CONVERSION = YES;
				CLANG_WARN_OBJC_ROOT_CLASS = YES_ERROR;
				CLANG_WARN_RANGE_LOOP_ANALYSIS = YES;
				CLANG_WARN_STRICT_PROTOTYPES = YES;
				CLANG_WARN_SUSPICIOUS_MOVE = YES;
				CLANG_WARN_UNGUARDED_AVAILABILITY = YES_AGGRESSIVE;
				CLANG_WARN_UNREACHABLE_CODE = YES;
				CLANG_WARN__DUPLICATE_METHOD_MATCH = YES;
				CODE_SIGN_IDENTITY = "iPhone Developer";
				COPY_PHASE_STRIP = NO;
				DEBUG_INFORMATION_FORMAT = dwarf;
				ENABLE_STRICT_OBJC_MSGSEND = YES;
				ENABLE_TESTABILITY = YES;
				GCC_C_LANGUAGE_STANDARD = gnu11;
				GCC_DYNAMIC_NO_PIC = NO;
				GCC_NO_COMMON_BLOCKS = YES;
				GCC_OPTIMIZATION_LEVEL = 0;
				GCC_PREPROCESSOR_DEFINITIONS = (
					"DEBUG=1",
					"$(inherited)",
				);
				GCC_WARN_64_TO_32_BIT_CONVERSION = YES;
				GCC_WARN_ABOUT_RETURN_TYPE = YES_ERROR;
				GCC_WARN_UNDECLARED_SELECTOR = YES;
				GCC_WARN_UNINITIALIZED_AUTOS = YES_AGGRESSIVE;
				GCC_WARN_UNUSED_FUNCTION = YES;
				GCC_WARN_UNUSED_VARIABLE = YES;
				IPHONEOS_DEPLOYMENT_TARGET = 12.2;
				MTL_ENABLE_DEBUG_INFO = INCLUDE_SOURCE;
				MTL_FAST_MATH = YES;
				ONLY_ACTIVE_ARCH = YES;
				SDKROOT = iphoneos;
				SWIFT_ACTIVE_COMPILATION_CONDITIONS = DEBUG;
				SWIFT_OPTIMIZATION_LEVEL = "-Onone";
			};
			name = Debug;
		};
		436E580822DF001F00B14BC0 /* Release */ = {
			isa = XCBuildConfiguration;
			buildSettings = {
				ALWAYS_SEARCH_USER_PATHS = NO;
				CLANG_ANALYZER_NONNULL = YES;
				CLANG_ANALYZER_NUMBER_OBJECT_CONVERSION = YES_AGGRESSIVE;
				CLANG_CXX_LANGUAGE_STANDARD = "gnu++14";
				CLANG_CXX_LIBRARY = "libc++";
				CLANG_ENABLE_MODULES = YES;
				CLANG_ENABLE_OBJC_ARC = YES;
				CLANG_ENABLE_OBJC_WEAK = YES;
				CLANG_WARN_BLOCK_CAPTURE_AUTORELEASING = YES;
				CLANG_WARN_BOOL_CONVERSION = YES;
				CLANG_WARN_COMMA = YES;
				CLANG_WARN_CONSTANT_CONVERSION = YES;
				CLANG_WARN_DEPRECATED_OBJC_IMPLEMENTATIONS = YES;
				CLANG_WARN_DIRECT_OBJC_ISA_USAGE = YES_ERROR;
				CLANG_WARN_DOCUMENTATION_COMMENTS = YES;
				CLANG_WARN_EMPTY_BODY = YES;
				CLANG_WARN_ENUM_CONVERSION = YES;
				CLANG_WARN_INFINITE_RECURSION = YES;
				CLANG_WARN_INT_CONVERSION = YES;
				CLANG_WARN_NON_LITERAL_NULL_CONVERSION = YES;
				CLANG_WARN_OBJC_IMPLICIT_RETAIN_SELF = YES;
				CLANG_WARN_OBJC_LITERAL_CONVERSION = YES;
				CLANG_WARN_OBJC_ROOT_CLASS = YES_ERROR;
				CLANG_WARN_RANGE_LOOP_ANALYSIS = YES;
				CLANG_WARN_STRICT_PROTOTYPES = YES;
				CLANG_WARN_SUSPICIOUS_MOVE = YES;
				CLANG_WARN_UNGUARDED_AVAILABILITY = YES_AGGRESSIVE;
				CLANG_WARN_UNREACHABLE_CODE = YES;
				CLANG_WARN__DUPLICATE_METHOD_MATCH = YES;
				CODE_SIGN_IDENTITY = "iPhone Developer";
				COPY_PHASE_STRIP = NO;
				DEBUG_INFORMATION_FORMAT = "dwarf-with-dsym";
				ENABLE_NS_ASSERTIONS = NO;
				ENABLE_STRICT_OBJC_MSGSEND = YES;
				GCC_C_LANGUAGE_STANDARD = gnu11;
				GCC_NO_COMMON_BLOCKS = YES;
				GCC_WARN_64_TO_32_BIT_CONVERSION = YES;
				GCC_WARN_ABOUT_RETURN_TYPE = YES_ERROR;
				GCC_WARN_UNDECLARED_SELECTOR = YES;
				GCC_WARN_UNINITIALIZED_AUTOS = YES_AGGRESSIVE;
				GCC_WARN_UNUSED_FUNCTION = YES;
				GCC_WARN_UNUSED_VARIABLE = YES;
				IPHONEOS_DEPLOYMENT_TARGET = 12.2;
				MTL_ENABLE_DEBUG_INFO = NO;
				MTL_FAST_MATH = YES;
				SDKROOT = iphoneos;
				SWIFT_COMPILATION_MODE = wholemodule;
				SWIFT_OPTIMIZATION_LEVEL = "-O";
				VALIDATE_PRODUCT = YES;
			};
			name = Release;
		};
		436E580A22DF001F00B14BC0 /* Debug */ = {
			isa = XCBuildConfiguration;
			buildSettings = {
				ASSETCATALOG_COMPILER_APPICON_NAME = AppIcon;
				CODE_SIGN_STYLE = Automatic;
				DEVELOPMENT_TEAM = 56D2275682;
				INFOPLIST_FILE = MemoryAntiPattern/Info.plist;
				LD_RUNPATH_SEARCH_PATHS = (
					"$(inherited)",
					"@executable_path/Frameworks",
				);
				PRODUCT_BUNDLE_IDENTIFIER = net.chorr.memoryantipattern;
				PRODUCT_NAME = "$(TARGET_NAME)";
				SWIFT_VERSION = 4.2;
				TARGETED_DEVICE_FAMILY = "1,2";
			};
			name = Debug;
		};
		436E580B22DF001F00B14BC0 /* Release */ = {
			isa = XCBuildConfiguration;
			buildSettings = {
				ASSETCATALOG_COMPILER_APPICON_NAME = AppIcon;
				CODE_SIGN_STYLE = Automatic;
				DEVELOPMENT_TEAM = 56D2275682;
				INFOPLIST_FILE = MemoryAntiPattern/Info.plist;
				LD_RUNPATH_SEARCH_PATHS = (
					"$(inherited)",
					"@executable_path/Frameworks",
				);
				PRODUCT_BUNDLE_IDENTIFIER = net.chorr.memoryantipattern;
				PRODUCT_NAME = "$(TARGET_NAME)";
				SWIFT_VERSION = 4.2;
				TARGETED_DEVICE_FAMILY = "1,2";
			};
			name = Release;
		};
/* End XCBuildConfiguration section */

/* Begin XCConfigurationList section */
		436E57F222DF001E00B14BC0 /* Build configuration list for PBXProject "MemoryAntiPattern" */ = {
			isa = XCConfigurationList;
			buildConfigurations = (
				436E580722DF001F00B14BC0 /* Debug */,
				436E580822DF001F00B14BC0 /* Release */,
			);
			defaultConfigurationIsVisible = 0;
			defaultConfigurationName = Release;
		};
		436E580922DF001F00B14BC0 /* Build configuration list for PBXNativeTarget "MemoryAntiPattern" */ = {
			isa = XCConfigurationList;
			buildConfigurations = (
				436E580A22DF001F00B14BC0 /* Debug */,
				436E580B22DF001F00B14BC0 /* Release */,
			);
			defaultConfigurationIsVisible = 0;
			defaultConfigurationName = Release;
		};
/* End XCConfigurationList section */
	};
	rootObject = 436E57EF22DF001E00B14BC0 /* Project object */;
}
